
Microsoft Visual Studio Solution File, Format Version 12.00
# Visual Studio Version 17
VisualStudioVersion = 17.3.32929.385
MinimumVisualStudioVersion = 10.0.40219.1
Project("{FAE04EC0-301F-11D3-BF4B-00C04F79EFBC}") = "ElumbanThaiparts", "ElumbanThaiparts\ElumbanThaiparts.csproj", "{71B6BCFC-7EB5-460A-8F4D-D68363EB0A25}"
EndProject
Global
	GlobalSection(SolutionConfigurationPlatforms) = preSolution
		Debug|Any CPU = Debug|Any CPU
		Release|Any CPU = Release|Any CPU
	EndGlobalSection
	GlobalSection(ProjectConfigurationPlatforms) = postSolution
		{71B6BCFC-7EB5-460A-8F4D-D68363EB0A25}.Debug|Any CPU.ActiveCfg = Debug|Any CPU
		{71B6BCFC-7EB5-460A-8F4D-D68363EB0A25}.Debug|Any CPU.Build.0 = Debug|Any CPU
		{71B6BCFC-7EB5-460A-8F4D-D68363EB0A25}.Release|Any CPU.ActiveCfg = Release|Any CPU
		{71B6BCFC-7EB5-460A-8F4D-D68363EB0A25}.Release|Any CPU.Build.0 = Release|Any CPU
	EndGlobalSection
	GlobalSection(SolutionProperties) = preSolution
		HideSolutionNode = FALSE
	EndGlobalSection
	GlobalSection(ExtensibilityGlobals) = postSolution
		SolutionGuid = {F1BE6140-7457-4AFF-AB32-F14E386BE9A5}
	EndGlobalSection
EndGlobal
